lockfileVersion: '9.0'

settings:
  autoInstallPeers: true
  excludeLinksFromLockfile: false

importers:

  .:
    dependencies:
      '@hono/node-server':
        specifier: ^1.8.0
        version: 1.14.2(hono@4.7.10)
      hono:
        specifier: ^4.0.0
        version: 4.7.10
    devDependencies:
      '@types/node':
        specifier: ^20.0.0
        version: 20.17.50

packages:

  '@hono/node-server@1.14.2':
    resolution: {integrity: sha512-GHjpOeHYbr9d1vkID2sNUYkl5IxumyhDrUJB7wBp7jvqYwPFt+oNKsAPBRcdSbV7kIrXhouLE199ks1QcK4r7A==}
    engines: {node: '>=18.14.1'}
    peerDependencies:
      hono: ^4

  '@types/node@20.17.50':
    resolution: {integrity: sha512-Mxiq0ULv/zo1OzOhwPqOA13I81CV/W3nvd3ChtQZRT5Cwz3cr0FKo/wMSsbTqL3EXpaBAEQhva2B8ByRkOIh9A==}

  hono@4.7.10:
    resolution: {integrity: sha512-QkACju9MiN59CKSY5JsGZCYmPZkA6sIW6OFCUp7qDjZu6S6KHtJHhAc9Uy9mV9F8PJ1/HQ3ybZF2yjCa/73fvQ==}
    engines: {node: '>=16.9.0'}

  undici-types@6.19.8:
    resolution: {integrity: sha512-ve2KP6f/JnbPBFyobGHuerC9g1FYGn/F8n1LWTwNxCEzd6IfqTwUQcNXgEtmmQ6DlRrC1hrSrBnCZPokRrDHjw==}

snapshots:

  '@hono/node-server@1.14.2(hono@4.7.10)':
    dependencies:
      hono: 4.7.10

  '@types/node@20.17.50':
    dependencies:
      undici-types: 6.19.8

  hono@4.7.10: {}

  undici-types@6.19.8: {}
